
Microsoft Visual Studio Solution File, Format Version 12.00
# Visual Studio Version 17
VisualStudioVersion = 17.3.32922.545
MinimumVisualStudioVersion = 10.0.40219.1
Project("{9A19103F-16F7-4668-BE54-9A1E7A4F7556}") = "Tempest.Functional", "Tempest.Functional\Tempest.Functional.csproj", "{33E3766D-10A1-46A9-A5FC-CB7BD3017761}"
EndProject
Project("{9A19103F-16F7-4668-BE54-9A1E7A4F7556}") = "Tests.Tempest.Functional", "Tests.Tempest.Functional\Tests.Tempest.Functional.csproj", "{8AF2946B-827C-4F99-BE97-C1C660C97F0E}"
EndProject
Project("{2150E333-8FDC-42A3-9474-1A3956D46DE8}") = "Solution Items", "Solution Items", "{E401CCFA-4D9B-497D-A927-A0DFF47807F0}"
	ProjectSection(SolutionItems) = preProject
		Directory.Build.props = Directory.Build.props
		README.md = README.md
	EndProjectSection
EndProject
Global
	GlobalSection(SolutionConfigurationPlatforms) = preSolution
		Debug|Any CPU = Debug|Any CPU
		Release|Any CPU = Release|Any CPU
	EndGlobalSection
	GlobalSection(ProjectConfigurationPlatforms) = postSolution
		{33E3766D-10A1-46A9-A5FC-CB7BD3017761}.Debug|Any CPU.ActiveCfg = Debug|Any CPU
		{33E3766D-10A1-46A9-A5FC-CB7BD3017761}.Debug|Any CPU.Build.0 = Debug|Any CPU
		{33E3766D-10A1-46A9-A5FC-CB7BD3017761}.Release|Any CPU.ActiveCfg = Release|Any CPU
		{33E3766D-10A1-46A9-A5FC-CB7BD3017761}.Release|Any CPU.Build.0 = Release|Any CPU
		{8AF2946B-827C-4F99-BE97-C1C660C97F0E}.Debug|Any CPU.ActiveCfg = Debug|Any CPU
		{8AF2946B-827C-4F99-BE97-C1C660C97F0E}.Debug|Any CPU.Build.0 = Debug|Any CPU
		{8AF2946B-827C-4F99-BE97-C1C660C97F0E}.Release|Any CPU.ActiveCfg = Release|Any CPU
		{8AF2946B-827C-4F99-BE97-C1C660C97F0E}.Release|Any CPU.Build.0 = Release|Any CPU
	EndGlobalSection
	GlobalSection(SolutionProperties) = preSolution
		HideSolutionNode = FALSE
	EndGlobalSection
	GlobalSection(ExtensibilityGlobals) = postSolution
		SolutionGuid = {8FA95B25-771F-47B3-BC2A-AD206A5BD782}
	EndGlobalSection
EndGlobal
